
Microsoft Visual Studio Solution File, Format Version 12.00
# Visual Studio Version 16
VisualStudioVersion = 16.0.30204.135
MinimumVisualStudioVersion = 10.0.40219.1
Project("{FAE04EC0-301F-11D3-BF4B-00C04F79EFBC}") = "Chess", "Chess\Chess.csproj", "{45444952-6ECF-4E37-B789-EF2DDB32E51B}"
EndProject
Global
	GlobalSection(SolutionConfigurationPlatforms) = preSolution
		Debug|Any CPU = Debug|Any CPU
		Release|Any CPU = Release|Any CPU
	EndGlobalSection
	GlobalSection(ProjectConfigurationPlatforms) = postSolution
		{45444952-6ECF-4E37-B789-EF2DDB32E51B}.Debug|Any CPU.ActiveCfg = Debug|Any CPU
		{45444952-6ECF-4E37-B789-EF2DDB32E51B}.Debug|Any CPU.Build.0 = Debug|Any CPU
		{45444952-6ECF-4E37-B789-EF2DDB32E51B}.Release|Any CPU.ActiveCfg = Release|Any CPU
		{45444952-6ECF-4E37-B789-EF2DDB32E51B}.Release|Any CPU.Build.0 = Release|Any CPU
	EndGlobalSection
	GlobalSection(SolutionProperties) = preSolution
		HideSolutionNode = FALSE
	EndGlobalSection
	GlobalSection(ExtensibilityGlobals) = postSolution
		SolutionGuid = {918CF221-9FA1-4650-AD52-47F4EE17A197}
	EndGlobalSection
EndGlobal
